schema: '2.0'
stages:
  yolo_hp_tune:
    cmd: "python scripts/yolo_finetuning/tune_hyperparameters_yolo.py --config configs/pose/ray_tune.yaml\n"
    deps:
    - path: configs/pose/ray_tune.yaml
      hash: md5
      md5: 96e42e822622b40922d91a90b7b1f1db
      size: 759
    - path: data/models/yolo/yolo26l-pose.pt
      hash: md5
      md5: 8322f207dbde6857dd8cc74421dbbaae
      size: 57995961
    - path: scripts/yolo_finetuning/tune_hyperparameters_yolo.py
      hash: md5
      md5: d146fba8c493f6d56ec59da687653d9a
      size: 1425
    params:
      configs/pose/ray_tune.yaml:
        space:
          freeze:
            type: choice
            values:
            - 11
            - 23
          lr0:
            type: uniform
            min: 1e-05
            max: 0.1
          lrf:
            type: uniform
            min: 0.01
            max: 1.0
          momentum:
            type: uniform
            min: 0.6
            max: 0.98
          pose:
            type: uniform
            min: 10
            max: 25
          weight_decay:
            type: uniform
            min: 0.0
            max: 0.001
        tune_args.iterations: 60
  yolo_finetune:
    cmd: python scripts/yolo_finetuning/finetune_yolo.py --config 
      configs/pose/yolo_full_training.yaml
    deps:
    - path: configs/pose/yolo_full_training.yaml
      hash: md5
      md5: 9cbb3460f0bbff935044ff790a94ad7d
      size: 536
    - path: data/models/yolo/yolo26l-pose.pt
      hash: md5
      md5: 8322f207dbde6857dd8cc74421dbbaae
      size: 57995961
    - path: scripts/yolo_finetuning/finetune_yolo.py
      hash: md5
      md5: eb62715a38d49aab4ee2455fc052d98c
      size: 8694
    - path: scripts/yolo_finetuning/recover_tuning_results.py
      hash: md5
      md5: 502a00d4be58dd1594d4978a6ea55df1
      size: 1505
    params:
      configs/pose/yolo_full_training.yaml:
        ray_tune.metric: metrics/mAP50-95(P)
        ray_tune.top_n: 4
        training.epochs: 500
        training.patience: 100
    outs:
    - path: data/models/yolo/tuned/yolo26l_full_d725f_000332/
      hash: md5
      md5: 5cae56f9a87af072151aeba5a7e34d9d.dir
      size: 132079928
      nfiles: 26
    - path: data/models/yolo/tuned/yolo26l_full_d725f_000342/
      hash: md5
      md5: a81f0d39c4c84e9f9b1d8bd413906171.dir
      size: 133120096
      nfiles: 29
    - path: data/models/yolo/tuned/yolo26l_tune_d725f_000412/
      hash: md5
      md5: cbdf8dba5d94a2151c94dc9044d71aa3.dir
      size: 166042002
      nfiles: 29
    - path: data/models/yolo/tuned/yolo26l_tune_d725f_000442/
      hash: md5
      md5: fe94d0c6edc7b859227828786139ca9f.dir
      size: 137599362
      nfiles: 29
  pose_extract_yolo_comparison:
    cmd: "for cfg in configs/ray_runs/config_yolo_*.yaml; do\n  python scripts/run_pose_detection.py
      --config \"$cfg\";\ndone\n"
    deps:
    - path: configs/ray_runs/
      hash: md5
      md5: dafa7d711495d8e97ebc8cb36638d16f.dir
      size: 888
      nfiles: 4
    - path: data/input/optojump/
      hash: md5
      md5: 4c27de2a1a15254063d4d5553b0d6eba.dir
      size: 255701835
      nfiles: 184
    - path: data/input/video/high_fps/
      hash: md5
      md5: 65156b094114c3d7341a2971736ad8a3.dir
      size: 1044972098
      nfiles: 8
    - path: data/models/yolo/tuned/
      hash: md5
      md5: 8ef9e00036b75c51fb7458fc59cfd041.dir
      size: 568841496
      nfiles: 114
    - path: scripts/run_pose_detection.py
      hash: md5
      md5: f24f9462db313ffc933979e1d33d0036
      size: 3658
    - path: src/pose/processors/yolo.py
      hash: md5
      md5: 7882c2f4f2a4607826f0c98d7b9743f8
      size: 5422
    - path: src/pose/utils/detection/filtering.py
      hash: md5
      md5: b5b6052bbecf0aab89f1adb4ad4a78ac
      size: 1605
    - path: src/pose/utils/file_discovery.py
      hash: md5
      md5: a87ab5561ca438b0f74e1ccf0ae7dc29
      size: 1190
    - path: src/pose/utils/get_path.py
      hash: md5
      md5: 9fae30a4d083a21407e450e83acc9f84
      size: 912
    outs:
    - path: data/output/pose/tuned_yolo/
      hash: md5
      md5: 055f82d445990f0051a7f289587cbefc.dir
      size: 717643281
      nfiles: 876
  pose_extract_mediapipe:
    cmd: python scripts/run_pose_detection.py --config 
      configs/config_mediapipe.yaml
    deps:
    - path: configs/config_mediapipe.yaml
      hash: md5
      md5: 9ab0daeb54f653a080fa90d94a8d9eed
      size: 437
    - path: data/input/video/high_fps/
      hash: md5
      md5: 65156b094114c3d7341a2971736ad8a3.dir
      size: 1044972098
      nfiles: 8
    - path: data/models/mediapipe/pose/pose_landmarker_heavy.task
      hash: md5
      md5: 453dec4d02ccc4d3ce812b6de84fa516
      size: 30664242
    - path: data/models/yolo/yolo26l.pt
      hash: md5
      md5: 33dbebc96173c86168e296f1dca50993
      size: 53211173
    - path: scripts/run_pose_detection.py
      hash: md5
      md5: f24f9462db313ffc933979e1d33d0036
      size: 3658
    - path: src/pose/processors/mediapipe.py
      hash: md5
      md5: bd9fffd9b6b563f07f3c35ce3dd35bff
      size: 3519
    - path: src/pose/utils/file_discovery.py
      hash: md5
      md5: a87ab5561ca438b0f74e1ccf0ae7dc29
      size: 1190
    - path: src/pose/utils/get_path.py
      hash: md5
      md5: 9fae30a4d083a21407e450e83acc9f84
      size: 912
    outs:
    - path: data/output/pose/mediapipe/yolo_detector/
      hash: md5
      md5: b88f87414d60cedec604655f9fd11ae3.dir
      size: 336907308
      nfiles: 16
  nb_yolo_comparison:
    cmd: "papermill notebooks/ray_tune_model_comparison.ipynb data/output/pose/notebooks/ray_tune_model_comparison.ipynb
      -k python3\n"
    deps:
    - path: data/output/pose/mediapipe/yolo_detector/
      hash: md5
      md5: b88f87414d60cedec604655f9fd11ae3.dir
      size: 336907308
      nfiles: 16
    - path: data/output/pose/tuned_yolo/
      hash: md5
      md5: 055f82d445990f0051a7f289587cbefc.dir
      size: 717643281
      nfiles: 876
    - path: notebooks/ray_tune_model_comparison.ipynb
      hash: md5
      md5: ac244859fc9b66d7ffa6a5705eff22e1
      size: 21743
    outs:
    - path: data/output/pose/notebooks/ray_tune_model_comparison.ipynb
      hash: md5
      md5: 978d786a43c0739562cee6bfb43b3b3e
      size: 1838777
  pose_extract:
    cmd: python scripts/run_pose_detection.py --config configs/config_yolo.yaml
    deps:
    - path: data/input/optojump/
      hash: md5
      md5: 718bd01c12d69a3c08eb56bf4abbc8b3.dir
      size: 990259148
      nfiles: 184
    - path: data/models/yolo/tuned/
      hash: md5
      md5: 3f8b82d4ccaf36a21a0aaadd8dadeedf.dir
      size: 688979934
      nfiles: 115
    - path: scripts/run_pose_detection.py
      hash: md5
      md5: f24f9462db313ffc933979e1d33d0036
      size: 3658
    - path: src/pose/processors/yolo.py
      hash: md5
      md5: 7882c2f4f2a4607826f0c98d7b9743f8
      size: 5422
    - path: src/pose/utils/detection/filtering.py
      hash: md5
      md5: b5b6052bbecf0aab89f1adb4ad4a78ac
      size: 1605
    - path: src/pose/utils/file_discovery.py
      hash: md5
      md5: a87ab5561ca438b0f74e1ccf0ae7dc29
      size: 1190
    - path: src/pose/utils/get_path.py
      hash: md5
      md5: 9fae30a4d083a21407e450e83acc9f84
      size: 912
    params:
      configs/config_yolo.yaml:
        model.device: mps
        model.name: best.pt
        model.type: yolo_feet
        paths.models: data/models/yolo/tuned/yolo26l_full_d725f_000332/weights/
    outs:
    - path: data/output/pose/tuned_yolo/
      hash: md5
      md5: 7b91b6755a75a437ca7c5d07aaea4d2e.dir
      size: 336138141
      nfiles: 212
  stage1_baselines:
    cmd: python -m experiments.gait_detection.pose_data.baselines --config 
      configs/experiments/pose_data/baselines.yaml
    deps:
    - path: data/output/annotations/optojump/visibility_annotations.csv
      hash: md5
      md5: 5d4c065de15a44f16ca4de60e8743bac
      size: 1574254
    - path: data/output/pose/tuned_yolo/
      hash: md5
      md5: 055f82d445990f0051a7f289587cbefc.dir
      size: 717643281
      nfiles: 876
    - path: experiments/gait_detection/pose_data/baselines.py
      hash: md5
      md5: a1c5475551abde3c6a57ea5fe4fb4873
      size: 7588
    - path: src/gait/detection/detectors.py
      hash: md5
      md5: ccefe2471955fbf742a94c8f4a22f46c
      size: 5557
    - path: src/gait/detection/features.py
      hash: md5
      md5: f95e4fda436a249f9d3dc169afefcf55
      size: 5057
    - path: src/gait/gait_data/dataset.py
      hash: md5
      md5: 5cfecbc8056ce9838229e0846c706fd5
      size: 21277
    params:
      configs/experiments/pose_data/baselines.yaml:
        experiment.n_val_athletes_tuning: 4
        experiment.random_seed: 42
    outs:
    - path: data/output/gait/pose_data/stage1/results.json
      hash: md5
      md5: f90991f5e67f08ee4f06e6aedf216947
      size: 4978
  stage2_tcn_tune:
    cmd: python -m experiments.gait_detection.pose_data.tcn_tuning --config 
      configs/experiments/pose_data/tcn_tuning.yaml
    deps:
    - path: data/output/annotations/optojump/visibility_annotations.csv
      hash: md5
      md5: 5d4c065de15a44f16ca4de60e8743bac
      size: 1574254
    - path: data/output/pose/tuned_yolo/
      hash: md5
      md5: 055f82d445990f0051a7f289587cbefc.dir
      size: 717643281
      nfiles: 876
    - path: experiments/gait_detection/pose_data/tcn_tuning.py
      hash: md5
      md5: fce193f53783f79a35f89b6bdadb5cfc
      size: 6902
    - path: src/gait/detection/model.py
      hash: md5
      md5: ec83d01867b1b5eec606128b28de2801
      size: 5368
    - path: src/gait/detection/train.py
      hash: md5
      md5: 0ea4c3251c0f134b891e36046d948e4b
      size: 6773
    - path: src/gait/gait_data/dataset.py
      hash: md5
      md5: 5cfecbc8056ce9838229e0846c706fd5
      size: 21277
    params:
      configs/experiments/pose_data/tcn_tuning.yaml:
        experiment.feature_idx:
        - 0
        - 1
        - 2
        - 3
        - 4
        - 5
        - 6
        - 7
        - 8
        - 9
        - 10
        - 11
        - 12
        - 13
        - 14
        - 15
        - 16
        - 17
        - 18
        - 19
        experiment.random_seed: 42
        optuna.n_trials: 100
        search_space:
          lr:
            type: float
            low: 0.0001
            high: 0.01
            log: true
          dropout:
            type: float
            low: 0.1
            high: 0.4
          n_blocks:
            type: int
            low: 3
            high: 8
          n_filters:
            type: categorical
            choices:
            - 32
            - 64
            - 128
            - 256
          kernel_size:
            type: categorical
            choices:
            - 3
            - 5
            - 7
            - 9
          dilation_schedule:
            type: categorical
            choices:
            - exponential
            - linear
            - cyclic
            - fibonacci
    outs:
    - path: data/output/gait/pose_data/stage2/best_params.json
      hash: md5
      md5: 41d72c7ffcf4264bcc392030bd8e7962
      size: 259
    - path: data/output/gait/pose_data/stage2/study.log
      hash: md5
      md5: 4e93eec3256231acae3f5998106e1edb
      size: 640678
  stage3_xgb_tune:
    cmd: python -m experiments.gait_detection.pose_data.xgb_tuning --config 
      configs/experiments/pose_data/xgb_tuning.yaml
    deps:
    - path: data/output/annotations/optojump/visibility_annotations.csv
      hash: md5
      md5: 5d4c065de15a44f16ca4de60e8743bac
      size: 1574254
    - path: data/output/pose/tuned_yolo/
      hash: md5
      md5: 055f82d445990f0051a7f289587cbefc.dir
      size: 717643281
      nfiles: 876
    - path: experiments/gait_detection/pose_data/xgb_tuning.py
      hash: md5
      md5: ad0a75cf4a73d9800d665bfb5b94948d
      size: 5954
    - path: src/gait/detection/features.py
      hash: md5
      md5: f95e4fda436a249f9d3dc169afefcf55
      size: 5057
    - path: src/gait/gait_data/dataset.py
      hash: md5
      md5: 5cfecbc8056ce9838229e0846c706fd5
      size: 21277
    params:
      configs/experiments/pose_data/xgb_tuning.yaml:
        experiment.feature_idx:
        - 0
        - 1
        - 2
        - 3
        - 4
        - 5
        - 6
        - 7
        - 8
        - 9
        - 10
        - 11
        - 12
        - 13
        - 14
        - 15
        - 16
        - 17
        - 18
        - 19
        optuna.n_trials: 100
    outs:
    - path: data/output/gait/pose_data/stage3/best_params.json
      hash: md5
      md5: b9818ef31601914ece285954c62ffee6
      size: 490
    - path: data/output/gait/pose_data/stage3/checkpoints/model.pkl
      hash: md5
      md5: 3efa7ce12edc8a17a20cf12ef301df39
      size: 1169373
  stage4_loao:
    cmd: python -m experiments.gait_detection.pose_data.tcn_leave_one_out 
      --config configs/experiments/pose_data/tcn_leave_one_out.yaml
    deps:
    - path: data/output/annotations/optojump/visibility_annotations.csv
      hash: md5
      md5: 5d4c065de15a44f16ca4de60e8743bac
      size: 1574254
    - path: data/output/gait/pose_data/stage2/best_params.json
      hash: md5
      md5: 41d72c7ffcf4264bcc392030bd8e7962
      size: 259
    - path: data/output/pose/tuned_yolo/
      hash: md5
      md5: 055f82d445990f0051a7f289587cbefc.dir
      size: 717643281
      nfiles: 876
    - path: experiments/gait_detection/pose_data/tcn_leave_one_out.py
      hash: md5
      md5: 8348b245d7fc7e3803b176314a5bf6ea
      size: 12033
    - path: src/gait/detection/model.py
      hash: md5
      md5: ec83d01867b1b5eec606128b28de2801
      size: 5368
    - path: src/gait/detection/train.py
      hash: md5
      md5: 0ea4c3251c0f134b891e36046d948e4b
      size: 6773
    - path: src/gait/gait_data/dataset.py
      hash: md5
      md5: 5cfecbc8056ce9838229e0846c706fd5
      size: 21277
    params:
      configs/experiments/pose_data/tcn_leave_one_out.yaml:
        experiment.batch_size: 16
        experiment.early_stopping_patience: 20
        experiment.feature_idx:
        - 0
        - 1
        - 2
        - 3
        - 4
        - 5
        - 6
        - 7
        - 8
        - 9
        - 10
        - 11
        - 12
        - 13
        - 14
        - 15
        - 16
        - 17
        - 18
        - 19
        experiment.max_epochs: 200
    outs:
    - path: data/output/gait/pose_data/stage4/
      hash: md5
      md5: cf71197209d74c045df4b0cbb2b273ce.dir
      size: 466235
      nfiles: 6
  stage5_train:
    cmd: python -m experiments.gait_detection.pose_data.tcn_training --config 
      configs/experiments/pose_data/tcn_training.yaml
    deps:
    - path: data/output/annotations/optojump/visibility_annotations.csv
      hash: md5
      md5: 5d4c065de15a44f16ca4de60e8743bac
      size: 1574254
    - path: data/output/gait/pose_data/stage2/best_params.json
      hash: md5
      md5: 41d72c7ffcf4264bcc392030bd8e7962
      size: 259
    - path: data/output/gait/pose_data/stage4/
      hash: md5
      md5: cf71197209d74c045df4b0cbb2b273ce.dir
      size: 466235
      nfiles: 6
    - path: data/output/pose/tuned_yolo/
      hash: md5
      md5: 055f82d445990f0051a7f289587cbefc.dir
      size: 717643281
      nfiles: 876
    - path: experiments/gait_detection/pose_data/tcn_training.py
      hash: md5
      md5: 0b7f73ed06e4acbbccae2b80cefeff42
      size: 8196
    - path: src/gait/detection/model.py
      hash: md5
      md5: ec83d01867b1b5eec606128b28de2801
      size: 5368
    - path: src/gait/detection/train.py
      hash: md5
      md5: 0ea4c3251c0f134b891e36046d948e4b
      size: 6773
    - path: src/gait/gait_data/dataset.py
      hash: md5
      md5: 5cfecbc8056ce9838229e0846c706fd5
      size: 21277
    params:
      configs/experiments/pose_data/tcn_training.yaml:
        experiment.batch_size: 16
        experiment.feature_idx:
        - 0
        - 1
        - 2
        - 3
        - 4
        - 5
        - 6
        - 7
        - 8
        - 9
        - 10
        - 11
        - 12
        - 13
        - 14
        - 15
        - 16
        - 17
        - 18
        - 19
        log_every: 10
    outs:
    - path: data/output/gait/pose_data/stage5/checkpoint.pt
      hash: md5
      md5: 8dc791c607fe5964c8644bb0b7c4ee10
      size: 229045
    - path: data/output/gait/pose_data/stage5/training.json
      hash: md5
      md5: 8686cf745d8792d78b44737df4fc9310
      size: 441
  stage6_infer:
    cmd: python -m experiments.gait_detection.pose_data.tcn_inference --config 
      configs/experiments/pose_data/tcn_inference.yaml
    deps:
    - path: data/output/annotations/optojump/visibility_annotations.csv
      hash: md5
      md5: 5d4c065de15a44f16ca4de60e8743bac
      size: 1574254
    - path: data/output/annotations/tempos/ml_labels.csv
      hash: md5
      md5: aad4f3291309fdd27ea235cca3545610
      size: 1576955
    - path: data/output/gait/pose_data/stage5/
      hash: md5
      md5: 91b92bd3a548e9e34f3e9f1f80850a0d.dir
      size: 229516
      nfiles: 3
    - path: data/output/pose/tuned_yolo/
      hash: md5
      md5: 055f82d445990f0051a7f289587cbefc.dir
      size: 717643281
      nfiles: 876
    - path: experiments/gait_detection/pose_data/tcn_inference.py
      hash: md5
      md5: 0099c8115df45f5bcf83433fee8f83f1
      size: 8064
    - path: src/gait/detection/model.py
      hash: md5
      md5: ec83d01867b1b5eec606128b28de2801
      size: 5368
    - path: src/gait/gait_data/dataset.py
      hash: md5
      md5: 5cfecbc8056ce9838229e0846c706fd5
      size: 21277
    params:
      configs/experiments/pose_data/tcn_inference.yaml:
        experiment.feature_idx:
        - 0
        - 1
        - 2
        - 3
        - 4
        - 5
        - 6
        - 7
        - 8
        - 9
        - 10
        - 11
        - 12
        - 13
        - 14
        - 15
        - 16
        - 17
        - 18
        - 19
    outs:
    - path: data/output/gait/pose_data/stage6/manifest.json
      hash: md5
      md5: 2e50386d36ad0b2ed301bfb29e446860
      size: 1166
    - path: data/output/gait/pose_data/stage6/probs/
      hash: md5
      md5: bba89c7d630f9fb76e1ab9882e320dcc.dir
      size: 1888
      nfiles: 2
  nb_eda:
    cmd: "papermill notebooks/eda_training_dataset.ipynb data/output/gait/notebooks/eda_training_dataset.ipynb
      -k python3\n"
    deps:
    - path: data/output/annotations/optojump/visibility_annotations.csv
      hash: md5
      md5: 5d4c065de15a44f16ca4de60e8743bac
      size: 1574254
    - path: notebooks/eda_training_dataset.ipynb
      hash: md5
      md5: 31da761431d7d79f2ee60632e3c9643e
      size: 19498
    outs:
    - path: data/output/gait/notebooks/eda_training_dataset.ipynb
      hash: md5
      md5: 72e2b92b6a003aacb1452bbfa2c9341e
      size: 604088
  nb_optuna_analysis:
    cmd: "papermill notebooks/analyze_optuna_study.ipynb data/output/gait/notebooks/analyze_optuna_study.ipynb
      -k python3\n"
    deps:
    - path: data/output/gait/image/stage2/best_params.json
      hash: md5
      md5: 56d0e382b283f71e0f3595416b7ba34a
      size: 1732
    - path: data/output/gait/image/stage2/study.log
      hash: md5
      md5: 16422042fe5b23efd16381b0b081d22a
      size: 586748
    - path: data/output/gait/image/stage4/
      hash: md5
      md5: 86b8f8be2a7f4333af8081bfebcb06a1.dir
      size: 102866761
      nfiles: 7
    - path: data/output/gait/pose_data/stage2/best_params.json
      hash: md5
      md5: 41d72c7ffcf4264bcc392030bd8e7962
      size: 259
    - path: data/output/gait/pose_data/stage2/study.log
      hash: md5
      md5: 4e93eec3256231acae3f5998106e1edb
      size: 640678
    - path: data/output/gait/pose_data/stage4/
      hash: md5
      md5: cf71197209d74c045df4b0cbb2b273ce.dir
      size: 466235
      nfiles: 6
    - path: notebooks/analyze_optuna_study.ipynb
      hash: md5
      md5: f85667060dbc2a68e3d8328ca99488b0
      size: 44238
    outs:
    - path: data/output/gait/notebooks/analyze_optuna_study.ipynb
      hash: md5
      md5: eff7764e254d555a0cc10dc3787e3738
      size: 1668301
  nb_model_comparison:
    cmd: "papermill notebooks/compare_kinematic_xgboost.ipynb data/output/gait/notebooks/compare_kinematic_xgboost.ipynb
      -k python3\n"
    deps:
    - path: data/output/gait/image/stage6/manifest.json
      hash: md5
      md5: 288f5f4c43c757212f98df947d30afaf
      size: 999
    - path: data/output/gait/image/stage6/probs/
      hash: md5
      md5: c650379b5a6fd2ddf3baf4f791be85f9.dir
      size: 1876
      nfiles: 2
    - path: data/output/gait/pose_data/stage3/best_params.json
      hash: md5
      md5: b9818ef31601914ece285954c62ffee6
      size: 490
    - path: data/output/gait/pose_data/stage6/manifest.json
      hash: md5
      md5: 2e50386d36ad0b2ed301bfb29e446860
      size: 1166
    - path: data/output/gait/pose_data/stage6/probs/
      hash: md5
      md5: bba89c7d630f9fb76e1ab9882e320dcc.dir
      size: 1888
      nfiles: 2
    - path: notebooks/compare_kinematic_xgboost.ipynb
      hash: md5
      md5: 29cf13c91a34350b7afaca3692b7c608
      size: 31393
    - path: src/gait/detection/metrics.py
      hash: md5
      md5: 917f2f5c4d939e15898eb419d6c68bff
      size: 5521
    - path: src/gait/detection/postprocess.py
      hash: md5
      md5: 56709cd651afb1462e0a7af3bee09eb5
      size: 11881
    outs:
    - path: data/output/gait/notebooks/compare_kinematic_xgboost.ipynb
      hash: md5
      md5: 8b8467d256bb5e35f5a335df37e069b4
      size: 41885
  nb_postprocessing:
    cmd: "papermill notebooks/compare_postprocessing.ipynb data/output/gait/notebooks/compare_postprocessing.ipynb
      -k python3\n"
    deps:
    - path: data/output/gait/image/stage6/manifest.json
      hash: md5
      md5: 288f5f4c43c757212f98df947d30afaf
      size: 999
    - path: data/output/gait/image/stage6/probs/
      hash: md5
      md5: c650379b5a6fd2ddf3baf4f791be85f9.dir
      size: 1876
      nfiles: 2
    - path: data/output/gait/pose_data/stage6/manifest.json
      hash: md5
      md5: 2e50386d36ad0b2ed301bfb29e446860
      size: 1166
    - path: data/output/gait/pose_data/stage6/probs/
      hash: md5
      md5: bba89c7d630f9fb76e1ab9882e320dcc.dir
      size: 1888
      nfiles: 2
    - path: notebooks/compare_postprocessing.ipynb
      hash: md5
      md5: a0418f0ff5cef242a70a4b3f4bf9cd5c
      size: 310948
    - path: src/gait/detection/metrics.py
      hash: md5
      md5: 917f2f5c4d939e15898eb419d6c68bff
      size: 5521
    - path: src/gait/detection/postprocess.py
      hash: md5
      md5: 56709cd651afb1462e0a7af3bee09eb5
      size: 11881
    outs:
    - path: data/output/gait/notebooks/compare_postprocessing.ipynb
      hash: md5
      md5: fa936cf873d86b4bd03e95cb1d142cdb
      size: 1006846
  img_feature_extract:
    cmd: python -m experiments.gait_detection.image.feature_extract --config 
      configs/experiments/image/feature_extract.yaml
    deps:
    - path: configs/dataset.yaml
      hash: md5
      md5: 4e9db0b252feee1ac61ac9ca12a5413f
      size: 1686
    - path: configs/experiments/image/feature_extract.yaml
      hash: md5
      md5: b29f93c9a62bf9a63021b7ef1108e987
      size: 1289
    - path: data/input/optojump/
      hash: md5
      md5: 4c27de2a1a15254063d4d5553b0d6eba.dir
      size: 255701835
      nfiles: 184
    - path: data/input/tempos/
      hash: md5
      md5: d3ced60691977ffc115cd392d3f91150.dir
      size: 648836272
      nfiles: 161
    - path: data/output/annotations/optojump/visibility_annotations.csv
      hash: md5
      md5: 5d4c065de15a44f16ca4de60e8743bac
      size: 1574254
    - path: data/output/annotations/tempos/ml_labels.csv
      hash: md5
      md5: aad4f3291309fdd27ea235cca3545610
      size: 1576955
    - path: data/output/pose/tuned_yolo/000332/optojump
      hash: md5
      md5: d149bd72a82683c17c57947507498705.dir
      size: 128603964
      nfiles: 179
    - path: data/output/pose/tuned_yolo/000332/tempos
      hash: md5
      md5: 1a15657163130ded425b937ddf3b0ec3.dir
      size: 213382088
      nfiles: 160
    - path: experiments/gait_detection/image/feature_extract.py
      hash: md5
      md5: fc174a3f4bbf12c1aaad778689463dc5
      size: 4244
    - path: src/gait/image/extractor.py
      hash: md5
      md5: 134bc114d0cfa13f928364b96a229c0a
      size: 5443
    params:
      configs/experiments/image/feature_extract.yaml:
        backbone: resnet18
        bbox_padding: 0.1
        img_size: 224
    outs:
    - path: data/output/gait/image_features/
      hash: md5
      md5: 8988e0f368611b53e4fdd30e42df760d.dir
      size: 57428352
      nfiles: 179
    - path: data/output/gait/image_features_tempos/
      hash: md5
      md5: b9b46ef8fc969ec3e2cdd3a572b8b658.dir
      size: 94570496
      nfiles: 160
  img_baselines:
    cmd: python -m experiments.gait_detection.image.baselines --config 
      configs/experiments/image/baselines.yaml
    deps:
    - path: configs/experiments/image/baselines.yaml
      hash: md5
      md5: eb9561b43e70832f5f07b079fb532c08
      size: 425
    - path: data/output/annotations/optojump/visibility_annotations.csv
      hash: md5
      md5: 5d4c065de15a44f16ca4de60e8743bac
      size: 1574254
    - path: data/output/gait/image_features/
      hash: md5
      md5: 8988e0f368611b53e4fdd30e42df760d.dir
      size: 57428352
      nfiles: 179
    - path: experiments/gait_detection/image/baselines.py
      hash: md5
      md5: 7990c2285bc9533c4af57d3b3ee821f8
      size: 6761
    - path: src/gait/detection/metrics.py
      hash: md5
      md5: 917f2f5c4d939e15898eb419d6c68bff
      size: 5521
    - path: src/gait/image/dataset.py
      hash: md5
      md5: d3d05411bde352aee8f11c7074fbf691
      size: 6699
    params:
      configs/experiments/image/baselines.yaml:
        experiment.n_val_athletes_tuning: 4
        optuna.n_trials: 100
    outs:
    - path: data/output/gait/image/stage1/checkpoints/xgboost_best.pkl
      hash: md5
      md5: fe479d4ce754d70e634103cfd7f0aded
      size: 5150046
    - path: data/output/gait/image/stage1/results.json
      hash: md5
      md5: 95ce08196cf5fa85436d6349547ac048
      size: 551
  img_tcn_tune:
    cmd: python -m experiments.gait_detection.image.tcn_tune --config 
      configs/experiments/image/tcn_tuning.yaml
    deps:
    - path: configs/experiments/image/tcn_tuning.yaml
      hash: md5
      md5: 2eefa5760defd1661a30086a280fd385
      size: 1256
    - path: data/output/annotations/optojump/visibility_annotations.csv
      hash: md5
      md5: 5d4c065de15a44f16ca4de60e8743bac
      size: 1574254
    - path: data/output/gait/image_features/
      hash: md5
      md5: 8988e0f368611b53e4fdd30e42df760d.dir
      size: 57428352
      nfiles: 179
    - path: experiments/gait_detection/image/tcn_tune.py
      hash: md5
      md5: a18fd93556ac773de78145df6a801d11
      size: 7081
    - path: src/gait/detection/model.py
      hash: md5
      md5: ec83d01867b1b5eec606128b28de2801
      size: 5368
    - path: src/gait/detection/train.py
      hash: md5
      md5: 0ea4c3251c0f134b891e36046d948e4b
      size: 6773
    - path: src/gait/image/dataset.py
      hash: md5
      md5: d3d05411bde352aee8f11c7074fbf691
      size: 6699
    params:
      configs/experiments/image/tcn_tuning.yaml:
        experiment.n_val_athletes_tuning: 4
        optuna.n_trials: 100
        search_space:
          lr:
            type: float
            low: 0.0001
            high: 0.01
            log: true
          dropout:
            type: float
            low: 0.1
            high: 0.6
          n_blocks:
            type: int
            low: 3
            high: 8
          n_filters:
            type: categorical
            choices:
            - 128
            - 256
            - 512
          kernel_size:
            type: categorical
            choices:
            - 3
            - 5
            - 7
            - 9
          dilation_schedule:
            type: categorical
            choices:
            - exponential
            - linear
            - cyclic
            - fibonacci
    outs:
    - path: data/output/gait/image/stage2/best_params.json
      hash: md5
      md5: cded049e8610ee6b61f5009df87d2057
      size: 1751
    - path: data/output/gait/image/stage2/study.log
      hash: md5
      md5: 4509a75d727da9e61cc6e1f06b9ffe65
      size: 643754
  img_tcn_loao:
    cmd: python -m experiments.gait_detection.image.tcn_loao --config 
      configs/experiments/image/tcn_leave_one_out.yaml
    deps:
    - path: data/output/annotations/optojump/visibility_annotations.csv
      hash: md5
      md5: 5d4c065de15a44f16ca4de60e8743bac
      size: 1574254
    - path: data/output/gait/image/stage2/best_params.json
      hash: md5
      md5: cded049e8610ee6b61f5009df87d2057
      size: 1751
    - path: data/output/gait/image_features/
      hash: md5
      md5: 8988e0f368611b53e4fdd30e42df760d.dir
      size: 57428352
      nfiles: 179
    - path: experiments/gait_detection/image/tcn_loao.py
      hash: md5
      md5: 161811e7a083714a8b4119d77b4c4247
      size: 11830
    - path: src/gait/detection/model.py
      hash: md5
      md5: ec83d01867b1b5eec606128b28de2801
      size: 5368
    - path: src/gait/detection/train.py
      hash: md5
      md5: 0ea4c3251c0f134b891e36046d948e4b
      size: 6773
    - path: src/gait/image/dataset.py
      hash: md5
      md5: d3d05411bde352aee8f11c7074fbf691
      size: 6699
    params:
      configs/experiments/image/tcn_leave_one_out.yaml:
        experiment.batch_size: 16
        experiment.early_stopping_patience: 50
        experiment.max_epochs: 200
    outs:
    - path: data/output/gait/image/stage4/
      hash: md5
      md5: 0ffb82d03d40ba85c455e7812d36d310.dir
      size: 375837025
      nfiles: 204
  img_tcn_train:
    cmd: python -m experiments.gait_detection.image.tcn_train --config 
      configs/experiments/image/tcn_training.yaml
    deps:
    - path: data/output/annotations/optojump/visibility_annotations.csv
      hash: md5
      md5: 5d4c065de15a44f16ca4de60e8743bac
      size: 1574254
    - path: data/output/gait/image/stage2/best_params.json
      hash: md5
      md5: cded049e8610ee6b61f5009df87d2057
      size: 1751
    - path: data/output/gait/image/stage4/
      hash: md5
      md5: 0ffb82d03d40ba85c455e7812d36d310.dir
      size: 375837025
      nfiles: 204
    - path: data/output/gait/image_features/
      hash: md5
      md5: 8988e0f368611b53e4fdd30e42df760d.dir
      size: 57428352
      nfiles: 179
    - path: experiments/gait_detection/image/tcn_train.py
      hash: md5
      md5: 4644c2921f19bff1148c5cee78d42a32
      size: 7184
    - path: src/gait/detection/model.py
      hash: md5
      md5: ec83d01867b1b5eec606128b28de2801
      size: 5368
    - path: src/gait/detection/train.py
      hash: md5
      md5: 0ea4c3251c0f134b891e36046d948e4b
      size: 6773
    - path: src/gait/image/dataset.py
      hash: md5
      md5: d3d05411bde352aee8f11c7074fbf691
      size: 6699
    params:
      configs/experiments/image/tcn_training.yaml:
        experiment.batch_size: 16
        log_every: 10
    outs:
    - path: data/output/gait/image/stage5/
      hash: md5
      md5: 103127b10794acbbbdc8fc6c5d282a04.dir
      size: 17066202
      nfiles: 2
  img_tcn_infer:
    cmd: python -m experiments.gait_detection.image.tcn_infer --config 
      configs/experiments/image/tcn_inference.yaml
    deps:
    - path: data/output/annotations/optojump/visibility_annotations.csv
      hash: md5
      md5: 5d4c065de15a44f16ca4de60e8743bac
      size: 1574254
    - path: data/output/annotations/tempos/ml_labels.csv
      hash: md5
      md5: aad4f3291309fdd27ea235cca3545610
      size: 1576955
    - path: data/output/gait/image/stage5/
      hash: md5
      md5: feca053e804b2e21faea359bc4bd529f.dir
      size: 51425879
      nfiles: 2
    - path: data/output/gait/image_features/
      hash: md5
      md5: 880c14d08eb3fda69ddac1676c8a2cae.dir
      size: 585984
      nfiles: 2
    - path: experiments/gait_detection/image/tcn_infer.py
      hash: md5
      md5: 187e103f9c4cba11a400e218bd5eb467
      size: 7305
    - path: src/gait/detection/model.py
      hash: md5
      md5: ec83d01867b1b5eec606128b28de2801
      size: 5368
    - path: src/gait/image/dataset.py
      hash: md5
      md5: d3d05411bde352aee8f11c7074fbf691
      size: 6699
    params:
      configs/experiments/image/tcn_inference.yaml:
        experiment.n_classes: 3
    outs:
    - path: data/output/gait/image/stage6/manifest.json
      hash: md5
      md5: 288f5f4c43c757212f98df947d30afaf
      size: 999
    - path: data/output/gait/image/stage6/probs/
      hash: md5
      md5: c650379b5a6fd2ddf3baf4f791be85f9.dir
      size: 1876
      nfiles: 2
  img_resnet_tune:
    cmd: python -m experiments.gait_detection.image.resnet_tune --config 
      configs/experiments/image/resnet_tune.yaml
    deps:
    - path: data/output/annotations/optojump/visibility_annotations.csv
      hash: md5
      md5: 5d4c065de15a44f16ca4de60e8743bac
      size: 1574254
    - path: data/output/gait/image_features/
      hash: md5
      md5: 880c14d08eb3fda69ddac1676c8a2cae.dir
      size: 585984
      nfiles: 2
    - path: experiments/gait_detection/image/resnet_tune.py
      hash: md5
      md5: c6b51e4c167b5c5778a991550c9b4174
      size: 9339
    - path: src/gait/image/dataset.py
      hash: md5
      md5: d3d05411bde352aee8f11c7074fbf691
      size: 6699
    - path: src/gait/image/finetune.py
      hash: md5
      md5: b2baba240a798230ddad4d4f8416c957
      size: 6180
    params:
      configs/experiments/image/resnet_tune.yaml:
        experiment.random_seed: 42
        optuna.n_trials: 100
        search_space:
          lr:
            type: float
            low: 1e-05
            high: 0.001
            log: true
          backbone_lr_factor:
            type: float
            low: 0.01
            high: 1.0
            log: true
          dropout:
            type: float
            low: 0.0
            high: 0.5
          weight_decay:
            type: float
            low: 1e-06
            high: 0.01
            log: true
    outs:
    - path: data/output/gait/image/resnet/tune/best_params.json
      hash: md5
      md5: e1f3078e9190f9d142a2d6bd506bd873
      size: 317
  img_resnet_train:
    cmd: python -m experiments.gait_detection.image.resnet_train --config 
      configs/experiments/image/resnet_train.yaml
    deps:
    - path: data/output/annotations/optojump/visibility_annotations.csv
      hash: md5
      md5: 5d4c065de15a44f16ca4de60e8743bac
      size: 1574254
    - path: data/output/gait/image/resnet/loao/loao.json
      hash: md5
      md5: 984debab5a680d909d40eb3b878afb7c
      size: 1858
    - path: data/output/gait/image/resnet/tune/best_params.json
      hash: md5
      md5: e1f3078e9190f9d142a2d6bd506bd873
      size: 317
    - path: data/output/gait/image_features/
      hash: md5
      md5: 880c14d08eb3fda69ddac1676c8a2cae.dir
      size: 585984
      nfiles: 2
    - path: experiments/gait_detection/image/resnet_train.py
      hash: md5
      md5: b2ac04cf6dc170029a677fe6a4ed4c75
      size: 6273
    - path: src/gait/image/dataset.py
      hash: md5
      md5: d3d05411bde352aee8f11c7074fbf691
      size: 6699
    - path: src/gait/image/finetune.py
      hash: md5
      md5: b2baba240a798230ddad4d4f8416c957
      size: 6180
    outs:
    - path: data/output/gait/image/resnet/train/checkpoint.pt
      hash: md5
      md5: 357a8d032fea944c4be737fc8aa8005e
      size: 44791883
    - path: data/output/gait/image/resnet/train/resnet_training.json
      hash: md5
      md5: e2886408ff31411a2d497f9c385b1b66
      size: 375
  img_resnet_infer:
    cmd: python -m experiments.gait_detection.image.resnet_infer --config 
      configs/experiments/image/resnet_infer.yaml
    deps:
    - path: data/output/annotations/optojump/visibility_annotations.csv
      hash: md5
      md5: 5d4c065de15a44f16ca4de60e8743bac
      size: 1574254
    - path: data/output/annotations/tempos/ml_labels.csv
      hash: md5
      md5: aad4f3291309fdd27ea235cca3545610
      size: 1576955
    - path: data/output/gait/image/resnet/train/checkpoint.pt
      hash: md5
      md5: 357a8d032fea944c4be737fc8aa8005e
      size: 44791883
    - path: data/output/gait/image/resnet/tune/best_params.json
      hash: md5
      md5: e1f3078e9190f9d142a2d6bd506bd873
      size: 317
    - path: data/output/gait/image_features/
      hash: md5
      md5: 880c14d08eb3fda69ddac1676c8a2cae.dir
      size: 585984
      nfiles: 2
    - path: experiments/gait_detection/image/resnet_infer.py
      hash: md5
      md5: f7e2171ac695d75f741eb9c62b4015d8
      size: 7434
    - path: src/gait/image/dataset.py
      hash: md5
      md5: d3d05411bde352aee8f11c7074fbf691
      size: 6699
    - path: src/gait/image/finetune.py
      hash: md5
      md5: b2baba240a798230ddad4d4f8416c957
      size: 6180
    outs:
    - path: data/output/gait/image/resnet/infer/manifest.json
      hash: md5
      md5: 355c9e98c8f393afd58339648bcc0193
      size: 951
    - path: data/output/gait/image/resnet/infer/probs/
      hash: md5
      md5: 5c5a686cfe06ce09f20e52f968f3d173.dir
      size: 1876
      nfiles: 2
  pose_xgb_loao:
    cmd: python -m experiments.gait_detection.pose_data.xgb_loao --config 
      configs/experiments/pose_data/xgb_loao.yaml
    deps:
    - path: data/output/annotations/optojump/visibility_annotations.csv
      hash: md5
      md5: 5d4c065de15a44f16ca4de60e8743bac
      size: 1574254
    - path: data/output/gait/pose_data/stage3/best_params.json
      hash: md5
      md5: b9818ef31601914ece285954c62ffee6
      size: 490
    - path: data/output/pose/tuned_yolo/
      hash: md5
      md5: 055f82d445990f0051a7f289587cbefc.dir
      size: 717643281
      nfiles: 876
    - path: experiments/gait_detection/pose_data/xgb_loao.py
      hash: md5
      md5: 9550f21bf37145f786a19297ea74b688
      size: 7712
    - path: src/gait/detection/metrics.py
      hash: md5
      md5: 917f2f5c4d939e15898eb419d6c68bff
      size: 5521
    - path: src/gait/gait_data/dataset.py
      hash: md5
      md5: 5cfecbc8056ce9838229e0846c706fd5
      size: 21277
    params:
      configs/experiments/pose_data/xgb_loao.yaml:
        experiment.feature_idx:
        - 0
        - 1
        - 2
        - 3
        - 4
        - 5
        - 6
        - 7
        - 8
        - 9
        - 10
        - 11
        - 12
        - 13
        - 14
        - 15
        - 16
        - 17
        - 18
        - 19
    outs:
    - path: data/output/gait/pose_data/xgb_loao/loao.json
      hash: md5
      md5: b757996574268b98493443e2f0ac10dc
      size: 1749
    - path: data/output/gait/pose_data/xgb_loao/manifest.json
      hash: md5
      md5: b1b9462d34d22f56ad0f6f61fe6f4c83
      size: 1147
    - path: data/output/gait/pose_data/xgb_loao/probs/
      hash: md5
      md5: ab3007ad5f1c2939f65c9a117f5942c7.dir
      size: 1888
      nfiles: 2
  img_resnet_loao:
    cmd: python -m experiments.gait_detection.image.resnet_loao --config 
      configs/experiments/image/resnet_loao.yaml
    deps:
    - path: data/input/optojump/
      hash: md5
      md5: 4c27de2a1a15254063d4d5553b0d6eba.dir
      size: 255701835
      nfiles: 184
    - path: data/output/annotations/optojump/visibility_annotations.csv
      hash: md5
      md5: 5d4c065de15a44f16ca4de60e8743bac
      size: 1574254
    - path: data/output/gait/image/resnet/tune/best_params.json
      hash: md5
      md5: e1f3078e9190f9d142a2d6bd506bd873
      size: 317
    - path: data/output/pose/tuned_yolo/000332/optojump
      hash: md5
      md5: d149bd72a82683c17c57947507498705.dir
      size: 128603964
      nfiles: 179
    - path: experiments/gait_detection/image/resnet_loao.py
      hash: md5
      md5: 83192945e565ae6ba9bb7f115b63f7cd
      size: 13432
    - path: src/gait/detection/metrics.py
      hash: md5
      md5: 917f2f5c4d939e15898eb419d6c68bff
      size: 5521
    - path: src/gait/image/dataset.py
      hash: md5
      md5: d3d05411bde352aee8f11c7074fbf691
      size: 6699
    - path: src/gait/image/finetune.py
      hash: md5
      md5: b2baba240a798230ddad4d4f8416c957
      size: 6180
    params:
      configs/experiments/image/resnet_loao.yaml:
        experiment.batch_size: 64
        experiment.early_stopping_patience: 10
        experiment.max_epochs: 50
    outs:
    - path: data/output/gait/image/resnet/loao/loao.json
      hash: md5
      md5: 984debab5a680d909d40eb3b878afb7c
      size: 1858
    - path: data/output/gait/image/resnet/loao/manifest.json
      hash: md5
      md5: cfa37fbb78269349917714bdda32a718
      size: 994
    - path: data/output/gait/image/resnet/loao/probs/
      hash: md5
      md5: dd6e58a8b54e116a0212fe048c7febeb.dir
      size: 1876
      nfiles: 2
  img_xgb_loao:
    cmd: python -m experiments.gait_detection.image.xgb_loao --config 
      configs/experiments/image/xgb_loao.yaml
    deps:
    - path: data/output/annotations/optojump/visibility_annotations.csv
      hash: md5
      md5: 5d4c065de15a44f16ca4de60e8743bac
      size: 1574254
    - path: data/output/gait/image/stage1/results.json
      hash: md5
      md5: 3f0eae68c778e2ee49148edc410e4990
      size: 551
    - path: data/output/gait/image_features/
      hash: md5
      md5: 880c14d08eb3fda69ddac1676c8a2cae.dir
      size: 585984
      nfiles: 2
    - path: experiments/gait_detection/image/xgb_loao.py
      hash: md5
      md5: f9d1807c67d0bc12b09f681f47d1bfef
      size: 7621
    - path: src/gait/detection/metrics.py
      hash: md5
      md5: 917f2f5c4d939e15898eb419d6c68bff
      size: 5521
    - path: src/gait/image/dataset.py
      hash: md5
      md5: d3d05411bde352aee8f11c7074fbf691
      size: 6699
    outs:
    - path: data/output/gait/image/xgb_loao/loao.json
      hash: md5
      md5: 380c10136e170bd9f15fefe90a149a38
      size: 1816
    - path: data/output/gait/image/xgb_loao/manifest.json
      hash: md5
      md5: 556acd4fbbce44d2efbab36aad44f196
      size: 982
    - path: data/output/gait/image/xgb_loao/probs/
      hash: md5
      md5: e811b6760214dfa0923b0e6a90798831.dir
      size: 1876
      nfiles: 2
  pose_xgb_infer:
    cmd: python -m experiments.gait_detection.pose_data.xgb_infer --config 
      configs/experiments/pose_data/xgb_inference.yaml
    deps:
    - path: data/output/annotations/optojump/visibility_annotations.csv
      hash: md5
      md5: 5d4c065de15a44f16ca4de60e8743bac
      size: 1574254
    - path: data/output/annotations/tempos/ml_labels.csv
      hash: md5
      md5: aad4f3291309fdd27ea235cca3545610
      size: 1576955
    - path: data/output/gait/pose_data/stage3/best_params.json
      hash: md5
      md5: b9818ef31601914ece285954c62ffee6
      size: 490
    - path: data/output/pose/tuned_yolo/
      hash: md5
      md5: 055f82d445990f0051a7f289587cbefc.dir
      size: 717643281
      nfiles: 876
    - path: experiments/gait_detection/pose_data/xgb_infer.py
      hash: md5
      md5: da77dc62e668a74b353e40948a46cd1c
      size: 6247
    - path: src/gait/detection/train.py
      hash: md5
      md5: 0ea4c3251c0f134b891e36046d948e4b
      size: 6773
    - path: src/gait/gait_data/dataset.py
      hash: md5
      md5: 5cfecbc8056ce9838229e0846c706fd5
      size: 21277
    params:
      configs/experiments/pose_data/xgb_inference.yaml:
        experiment.feature_idx:
        - 0
        - 1
        - 2
        - 3
        - 4
        - 5
        - 6
        - 7
        - 8
        - 9
        - 10
        - 11
        - 12
        - 13
        - 14
        - 15
        - 16
        - 17
        - 18
        - 19
    outs:
    - path: data/output/gait/pose_data/xgb_infer/manifest.json
      hash: md5
      md5: bb7076dd7f543c7378cd756048e6683a
      size: 1149
    - path: data/output/gait/pose_data/xgb_infer/probs/
      hash: md5
      md5: 3aa3bb21f0c32bc8c27a3631b3007535.dir
      size: 1888
      nfiles: 2
  img_xgb_infer:
    cmd: python -m experiments.gait_detection.image.xgb_infer --config 
      configs/experiments/image/xgb_inference.yaml
    deps:
    - path: data/output/annotations/optojump/visibility_annotations.csv
      hash: md5
      md5: 5d4c065de15a44f16ca4de60e8743bac
      size: 1574254
    - path: data/output/annotations/tempos/ml_labels.csv
      hash: md5
      md5: aad4f3291309fdd27ea235cca3545610
      size: 1576955
    - path: data/output/gait/image/stage1/results.json
      hash: md5
      md5: 3f0eae68c778e2ee49148edc410e4990
      size: 551
    - path: data/output/gait/image_features/
      hash: md5
      md5: 880c14d08eb3fda69ddac1676c8a2cae.dir
      size: 585984
      nfiles: 2
    - path: experiments/gait_detection/image/xgb_infer.py
      hash: md5
      md5: 0d3428901f9607171e09f2c3af6ee2fc
      size: 6499
    - path: src/gait/detection/train.py
      hash: md5
      md5: 0ea4c3251c0f134b891e36046d948e4b
      size: 6773
    - path: src/gait/image/dataset.py
      hash: md5
      md5: d3d05411bde352aee8f11c7074fbf691
      size: 6699
    outs:
    - path: data/output/gait/image/xgb_infer/manifest.json
      hash: md5
      md5: 41d0afa2fe3209b8609fa3ebe749bb40
      size: 967
    - path: data/output/gait/image/xgb_infer/probs/
      hash: md5
      md5: ac7ae60d62ea607a5c2a36e6381d8a61.dir
      size: 1876
      nfiles: 2
